
Microsoft Visual Studio Solution File, Format Version 12.00
Project("{FAE04EC0-301F-11D3-BF4B-00C04F79EFBC}") = "DependencyInjectionExample", "DependencyInjectionExample.csproj", "{87556F7D-4929-4328-B5C7-29B43ABA427A}"
EndProject
Global
	GlobalSection(SolutionConfigurationPlatforms) = preSolution
		Debug|Any CPU = Debug|Any CPU
		Release|Any CPU = Release|Any CPU
	EndGlobalSection
	GlobalSection(ProjectConfigurationPlatforms) = postSolution
		{87556F7D-4929-4328-B5C7-29B43ABA427A}.Debug|Any CPU.ActiveCfg = Debug|Any CPU
		{87556F7D-4929-4328-B5C7-29B43ABA427A}.Debug|Any CPU.Build.0 = Debug|Any CPU
		{87556F7D-4929-4328-B5C7-29B43ABA427A}.Release|Any CPU.ActiveCfg = Release|Any CPU
		{87556F7D-4929-4328-B5C7-29B43ABA427A}.Release|Any CPU.Build.0 = Release|Any CPU
	EndGlobalSection
EndGlobal
